
Microsoft Visual Studio Solution File, Format Version 12.00
# Visual Studio Version 16
VisualStudioVersion = 16.0.31321.278
MinimumVisualStudioVersion = 10.0.40219.1
Project("{FAE04EC0-301F-11D3-BF4B-00C04F79EFBC}") = "BlazorServerAuth", "BlazorServerAuth.csproj", "{C6B11FAF-CC02-4A5B-8C3C-FE25E8240F03}"
EndProject
Global
	GlobalSection(SolutionConfigurationPlatforms) = preSolution
		Debug|Any CPU = Debug|Any CPU
		Release|Any CPU = Release|Any CPU
	EndGlobalSection
	GlobalSection(ProjectConfigurationPlatforms) = postSolution
		{C6B11FAF-CC02-4A5B-8C3C-FE25E8240F03}.Debug|Any CPU.ActiveCfg = Debug|Any CPU
		{C6B11FAF-CC02-4A5B-8C3C-FE25E8240F03}.Debug|Any CPU.Build.0 = Debug|Any CPU
		{C6B11FAF-CC02-4A5B-8C3C-FE25E8240F03}.Release|Any CPU.ActiveCfg = Release|Any CPU
		{C6B11FAF-CC02-4A5B-8C3C-FE25E8240F03}.Release|Any CPU.Build.0 = Release|Any CPU
	EndGlobalSection
	GlobalSection(SolutionProperties) = preSolution
		HideSolutionNode = FALSE
	EndGlobalSection
	GlobalSection(ExtensibilityGlobals) = postSolution
		SolutionGuid = {5DC4A313-A196-4FB6-9B32-CFD709584BD1}
	EndGlobalSection
EndGlobal
